
Microsoft Visual Studio Solution File, Format Version 12.00
# Visual Studio Version 17
VisualStudioVersion = 17.8.34525.116
MinimumVisualStudioVersion = 10.0.40219.1
Project("{9A19103F-16F7-4668-BE54-9A1E7A4F7556}") = "Clean.Architecture.UI", "RingoMedia.UI\Clean.Architecture.UI.csproj", "{AA5734CE-2A62-4C3E-A764-DD3951FA715C}"
EndProject
Project("{9A19103F-16F7-4668-BE54-9A1E7A4F7556}") = "Clean.Architecture.App", "RingoMedia.App\Clean.Architecture.App.csproj", "{83D77763-6AF2-4682-80DB-EECDA717D074}"
EndProject
Project("{9A19103F-16F7-4668-BE54-9A1E7A4F7556}") = "Clean.Architecture.DataAccess", "RingoMedia.DataAccess\Clean.Architecture.DataAccess.csproj", "{3F9E183A-B0B2-4AD9-8AFF-A139B7D11516}"
EndProject
Project("{9A19103F-16F7-4668-BE54-9A1E7A4F7556}") = "Clean.Architecture.Infrastructure", "Infrastructure\Clean.Architecture.Infrastructure.csproj", "{A69C5C6C-AE31-48CD-ACB0-D6E34FC70B41}"
EndProject
Project("{9A19103F-16F7-4668-BE54-9A1E7A4F7556}") = "Clean.Architecture.Service", "RingoMedia.Service\Clean.Architecture.Service.csproj", "{866D2DA6-273E-49EC-A347-86F4E52F22FF}"
EndProject
Global
	GlobalSection(SolutionConfigurationPlatforms) = preSolution
		Debug|Any CPU = Debug|Any CPU
		Release|Any CPU = Release|Any CPU
	EndGlobalSection
	GlobalSection(ProjectConfigurationPlatforms) = postSolution
		{AA5734CE-2A62-4C3E-A764-DD3951FA715C}.Debug|Any CPU.ActiveCfg = Debug|Any CPU
		{AA5734CE-2A62-4C3E-A764-DD3951FA715C}.Debug|Any CPU.Build.0 = Debug|Any CPU
		{AA5734CE-2A62-4C3E-A764-DD3951FA715C}.Release|Any CPU.ActiveCfg = Release|Any CPU
		{AA5734CE-2A62-4C3E-A764-DD3951FA715C}.Release|Any CPU.Build.0 = Release|Any CPU
		{83D77763-6AF2-4682-80DB-EECDA717D074}.Debug|Any CPU.ActiveCfg = Debug|Any CPU
		{83D77763-6AF2-4682-80DB-EECDA717D074}.Debug|Any CPU.Build.0 = Debug|Any CPU
		{83D77763-6AF2-4682-80DB-EECDA717D074}.Release|Any CPU.ActiveCfg = Release|Any CPU
		{83D77763-6AF2-4682-80DB-EECDA717D074}.Release|Any CPU.Build.0 = Release|Any CPU
		{3F9E183A-B0B2-4AD9-8AFF-A139B7D11516}.Debug|Any CPU.ActiveCfg = Debug|Any CPU
		{3F9E183A-B0B2-4AD9-8AFF-A139B7D11516}.Debug|Any CPU.Build.0 = Debug|Any CPU
		{3F9E183A-B0B2-4AD9-8AFF-A139B7D11516}.Release|Any CPU.ActiveCfg = Release|Any CPU
		{3F9E183A-B0B2-4AD9-8AFF-A139B7D11516}.Release|Any CPU.Build.0 = Release|Any CPU
		{A69C5C6C-AE31-48CD-ACB0-D6E34FC70B41}.Debug|Any CPU.ActiveCfg = Debug|Any CPU
		{A69C5C6C-AE31-48CD-ACB0-D6E34FC70B41}.Debug|Any CPU.Build.0 = Debug|Any CPU
		{A69C5C6C-AE31-48CD-ACB0-D6E34FC70B41}.Release|Any CPU.ActiveCfg = Release|Any CPU
		{A69C5C6C-AE31-48CD-ACB0-D6E34FC70B41}.Release|Any CPU.Build.0 = Release|Any CPU
		{866D2DA6-273E-49EC-A347-86F4E52F22FF}.Debug|Any CPU.ActiveCfg = Debug|Any CPU
		{866D2DA6-273E-49EC-A347-86F4E52F22FF}.Debug|Any CPU.Build.0 = Debug|Any CPU
		{866D2DA6-273E-49EC-A347-86F4E52F22FF}.Release|Any CPU.ActiveCfg = Release|Any CPU
		{866D2DA6-273E-49EC-A347-86F4E52F22FF}.Release|Any CPU.Build.0 = Release|Any CPU
	EndGlobalSection
	GlobalSection(SolutionProperties) = preSolution
		HideSolutionNode = FALSE
	EndGlobalSection
	GlobalSection(ExtensibilityGlobals) = postSolution
		SolutionGuid = {B645F6C6-115C-43EC-B1A3-6F3834BCFBDE}
	EndGlobalSection
EndGlobal
